// !$*UTF8*$!
{
	archiveVersion = 1;
	classes = {
	};
	objectVersion = 56;
	objects = {

/* Begin PBXBuildFile section */
		42023CE32ABADDF200950E97 /* UITextFieldExtension.swift in Sources */ = {isa = PBXBuildFile; fileRef = 42023CE22ABADDF200950E97 /* UITextFieldExtension.swift */; };
		422259FC2AB9850300274737 /* LoadingPresenter.swift in Sources */ = {isa = PBXBuildFile; fileRef = 422259F62AB9850300274737 /* LoadingPresenter.swift */; };
		422259FD2AB9850300274737 /* LoadingWorker.swift in Sources */ = {isa = PBXBuildFile; fileRef = 422259F72AB9850300274737 /* LoadingWorker.swift */; };
		422259FE2AB9850300274737 /* LoadingRouter.swift in Sources */ = {isa = PBXBuildFile; fileRef = 422259F82AB9850300274737 /* LoadingRouter.swift */; };
		422259FF2AB9850300274737 /* LoadingModels.swift in Sources */ = {isa = PBXBuildFile; fileRef = 422259F92AB9850300274737 /* LoadingModels.swift */; };
		42225A002AB9850300274737 /* LoadingViewController.swift in Sources */ = {isa = PBXBuildFile; fileRef = 422259FA2AB9850300274737 /* LoadingViewController.swift */; };
		42225A012AB9850300274737 /* LoadingInteractor.swift in Sources */ = {isa = PBXBuildFile; fileRef = 422259FB2AB9850300274737 /* LoadingInteractor.swift */; };
		42225A0B2AB987D200274737 /* UserValidationRouter.swift in Sources */ = {isa = PBXBuildFile; fileRef = 42225A052AB987D200274737 /* UserValidationRouter.swift */; };
		42225A0D2AB987D200274737 /* UserValidationViewController.swift in Sources */ = {isa = PBXBuildFile; fileRef = 42225A072AB987D200274737 /* UserValidationViewController.swift */; };
		424528D42A7E99210059246D /* TabBarController.swift in Sources */ = {isa = PBXBuildFile; fileRef = 424528D32A7E99210059246D /* TabBarController.swift */; };
		424528E92A7E9A390059246D /* MapPresenter.swift in Sources */ = {isa = PBXBuildFile; fileRef = 424528E32A7E9A390059246D /* MapPresenter.swift */; };
		424528EA2A7E9A390059246D /* MapWorker.swift in Sources */ = {isa = PBXBuildFile; fileRef = 424528E42A7E9A390059246D /* MapWorker.swift */; };
		424528EB2A7E9A390059246D /* MapRouter.swift in Sources */ = {isa = PBXBuildFile; fileRef = 424528E52A7E9A390059246D /* MapRouter.swift */; };
		424528EC2A7E9A390059246D /* MapModels.swift in Sources */ = {isa = PBXBuildFile; fileRef = 424528E62A7E9A390059246D /* MapModels.swift */; };
		424528ED2A7E9A390059246D /* MapViewController.swift in Sources */ = {isa = PBXBuildFile; fileRef = 424528E72A7E9A390059246D /* MapViewController.swift */; };
		424528EE2A7E9A390059246D /* MapInteractor.swift in Sources */ = {isa = PBXBuildFile; fileRef = 424528E82A7E9A390059246D /* MapInteractor.swift */; };
		424528F62A7E9AB00059246D /* LocationsListPresenter.swift in Sources */ = {isa = PBXBuildFile; fileRef = 424528F02A7E9AB00059246D /* LocationsListPresenter.swift */; };
		424528F72A7E9AB00059246D /* LocationsListWorker.swift in Sources */ = {isa = PBXBuildFile; fileRef = 424528F12A7E9AB00059246D /* LocationsListWorker.swift */; };
		424528F82A7E9AB00059246D /* LocationsListRouter.swift in Sources */ = {isa = PBXBuildFile; fileRef = 424528F22A7E9AB00059246D /* LocationsListRouter.swift */; };
		424528F92A7E9AB00059246D /* LocationsListModels.swift in Sources */ = {isa = PBXBuildFile; fileRef = 424528F32A7E9AB00059246D /* LocationsListModels.swift */; };
		424528FA2A7E9AB00059246D /* LocationsListViewController.swift in Sources */ = {isa = PBXBuildFile; fileRef = 424528F42A7E9AB00059246D /* LocationsListViewController.swift */; };
		424528FB2A7E9AB00059246D /* LocationsListInteractor.swift in Sources */ = {isa = PBXBuildFile; fileRef = 424528F52A7E9AB00059246D /* LocationsListInteractor.swift */; };
		424529032A7E9B110059246D /* ProfilePresenter.swift in Sources */ = {isa = PBXBuildFile; fileRef = 424528FD2A7E9B110059246D /* ProfilePresenter.swift */; };
		424529042A7E9B110059246D /* ProfileWorker.swift in Sources */ = {isa = PBXBuildFile; fileRef = 424528FE2A7E9B110059246D /* ProfileWorker.swift */; };
		424529052A7E9B110059246D /* ProfileRouter.swift in Sources */ = {isa = PBXBuildFile; fileRef = 424528FF2A7E9B110059246D /* ProfileRouter.swift */; };
		424529062A7E9B110059246D /* ProfileModels.swift in Sources */ = {isa = PBXBuildFile; fileRef = 424529002A7E9B110059246D /* ProfileModels.swift */; };
		424529072A7E9B110059246D /* ProfileViewController.swift in Sources */ = {isa = PBXBuildFile; fileRef = 424529012A7E9B110059246D /* ProfileViewController.swift */; };
		424529082A7E9B110059246D /* ProfileInteractor.swift in Sources */ = {isa = PBXBuildFile; fileRef = 424529022A7E9B110059246D /* ProfileInteractor.swift */; };
		424529102A7E9BB30059246D /* LocationDescriptionPresenter.swift in Sources */ = {isa = PBXBuildFile; fileRef = 4245290A2A7E9BB30059246D /* LocationDescriptionPresenter.swift */; };
		424529112A7E9BB30059246D /* LocationDescriptionWorker.swift in Sources */ = {isa = PBXBuildFile; fileRef = 4245290B2A7E9BB30059246D /* LocationDescriptionWorker.swift */; };
		424529122A7E9BB30059246D /* LocationDescriptionRouter.swift in Sources */ = {isa = PBXBuildFile; fileRef = 4245290C2A7E9BB30059246D /* LocationDescriptionRouter.swift */; };
		424529132A7E9BB30059246D /* LocationDescriptionModels.swift in Sources */ = {isa = PBXBuildFile; fileRef = 4245290D2A7E9BB30059246D /* LocationDescriptionModels.swift */; };
		424529142A7E9BB30059246D /* LocationDescriptionViewController.swift in Sources */ = {isa = PBXBuildFile; fileRef = 4245290E2A7E9BB30059246D /* LocationDescriptionViewController.swift */; };
		424529152A7E9BB30059246D /* LocationDescriptionInteractor.swift in Sources */ = {isa = PBXBuildFile; fileRef = 4245290F2A7E9BB30059246D /* LocationDescriptionInteractor.swift */; };
		424529172A7EA3C10059246D /* Main.storyboard in Resources */ = {isa = PBXBuildFile; fileRef = 424529162A7EA3C10059246D /* Main.storyboard */; };
		4245291A2A7EA5EE0059246D /* UIColorExtension.swift in Sources */ = {isa = PBXBuildFile; fileRef = 424529192A7EA5EE0059246D /* UIColorExtension.swift */; };
		4245291E2A7EAB180059246D /* Location.swift in Sources */ = {isa = PBXBuildFile; fileRef = 4245291D2A7EAB180059246D /* Location.swift */; };
		425867332A823B3C00BB39A7 /* LocationsListPresentationLogicSpy.swift in Sources */ = {isa = PBXBuildFile; fileRef = 425867322A823B3C00BB39A7 /* LocationsListPresentationLogicSpy.swift */; };
		425867352A823BD200BB39A7 /* LocationsListInteractorTests.swift in Sources */ = {isa = PBXBuildFile; fileRef = 425867342A823BD200BB39A7 /* LocationsListInteractorTests.swift */; };
		425867372A82418000BB39A7 /* LocationsListWorkingLogicSpy.swift in Sources */ = {isa = PBXBuildFile; fileRef = 425867362A82418000BB39A7 /* LocationsListWorkingLogicSpy.swift */; };
		425867392A8257E100BB39A7 /* LocationsListPresenterTests.swift in Sources */ = {isa = PBXBuildFile; fileRef = 425867382A8257E100BB39A7 /* LocationsListPresenterTests.swift */; };
		4272C1512A8154ED00E2AD47 /* LocationsListTableViewSpy.swift in Sources */ = {isa = PBXBuildFile; fileRef = 4272C1502A8154ED00E2AD47 /* LocationsListTableViewSpy.swift */; };
		4272C1532A81555C00E2AD47 /* LocationsListDisplayLogicSpy.swift in Sources */ = {isa = PBXBuildFile; fileRef = 4272C1522A81555C00E2AD47 /* LocationsListDisplayLogicSpy.swift */; };
		4272C1562A8156E900E2AD47 /* LocationsListViewControllerTests.swift in Sources */ = {isa = PBXBuildFile; fileRef = 4272C1552A8156E900E2AD47 /* LocationsListViewControllerTests.swift */; };
		4272C15A2A8157AE00E2AD47 /* LocationsListBusinessLogicSpy.swift in Sources */ = {isa = PBXBuildFile; fileRef = 4272C1592A8157AE00E2AD47 /* LocationsListBusinessLogicSpy.swift */; };
		428075532AA5AEF0003C8848 /* GoogleService-Info.plist in Resources */ = {isa = PBXBuildFile; fileRef = 428075522AA5AEF0003C8848 /* GoogleService-Info.plist */; };
		428075562AA5B3D4003C8848 /* FirebaseAnalytics in Frameworks */ = {isa = PBXBuildFile; productRef = 428075552AA5B3D4003C8848 /* FirebaseAnalytics */; };
		428075582AA5B3D4003C8848 /* FirebaseDatabase in Frameworks */ = {isa = PBXBuildFile; productRef = 428075572AA5B3D4003C8848 /* FirebaseDatabase */; };
		4280755A2AA5B3D4003C8848 /* FirebaseFirestore in Frameworks */ = {isa = PBXBuildFile; productRef = 428075592AA5B3D4003C8848 /* FirebaseFirestore */; };
		4280755C2AA5B3D4003C8848 /* FirebaseStorage in Frameworks */ = {isa = PBXBuildFile; productRef = 4280755B2AA5B3D4003C8848 /* FirebaseStorage */; };
		4280755E2AA5BB6A003C8848 /* FirebaseManager.swift in Sources */ = {isa = PBXBuildFile; fileRef = 4280755D2AA5BB6A003C8848 /* FirebaseManager.swift */; };
		429162AB2AB8D35600E7361C /* OpeningPresenter.swift in Sources */ = {isa = PBXBuildFile; fileRef = 429162A52AB8D35600E7361C /* OpeningPresenter.swift */; };
		429162AE2AB8D35600E7361C /* OpeningModels.swift in Sources */ = {isa = PBXBuildFile; fileRef = 429162A82AB8D35600E7361C /* OpeningModels.swift */; };
		429162AF2AB8D35600E7361C /* OpeningViewController.swift in Sources */ = {isa = PBXBuildFile; fileRef = 429162A92AB8D35600E7361C /* OpeningViewController.swift */; };
		429162B02AB8D35600E7361C /* OpeningInteractor.swift in Sources */ = {isa = PBXBuildFile; fileRef = 429162AA2AB8D35600E7361C /* OpeningInteractor.swift */; };
		429162B72AB8D37600E7361C /* LoginPresenter.swift in Sources */ = {isa = PBXBuildFile; fileRef = 429162B12AB8D37600E7361C /* LoginPresenter.swift */; };
		429162B82AB8D37600E7361C /* LoginWorker.swift in Sources */ = {isa = PBXBuildFile; fileRef = 429162B22AB8D37600E7361C /* LoginWorker.swift */; };
		429162B92AB8D37600E7361C /* LoginRouter.swift in Sources */ = {isa = PBXBuildFile; fileRef = 429162B32AB8D37600E7361C /* LoginRouter.swift */; };
		429162BA2AB8D37600E7361C /* LoginModels.swift in Sources */ = {isa = PBXBuildFile; fileRef = 429162B42AB8D37600E7361C /* LoginModels.swift */; };
		429162BB2AB8D37600E7361C /* LoginViewController.swift in Sources */ = {isa = PBXBuildFile; fileRef = 429162B52AB8D37600E7361C /* LoginViewController.swift */; };
		429162BC2AB8D37600E7361C /* LoginInteractor.swift in Sources */ = {isa = PBXBuildFile; fileRef = 429162B62AB8D37600E7361C /* LoginInteractor.swift */; };
		429162C32AB8D39200E7361C /* SignUpPresenter.swift in Sources */ = {isa = PBXBuildFile; fileRef = 429162BD2AB8D39200E7361C /* SignUpPresenter.swift */; };
		429162C42AB8D39200E7361C /* SignUpWorker.swift in Sources */ = {isa = PBXBuildFile; fileRef = 429162BE2AB8D39200E7361C /* SignUpWorker.swift */; };
		429162C52AB8D39200E7361C /* SignUpRouter.swift in Sources */ = {isa = PBXBuildFile; fileRef = 429162BF2AB8D39200E7361C /* SignUpRouter.swift */; };
		429162C62AB8D39200E7361C /* SignUpModels.swift in Sources */ = {isa = PBXBuildFile; fileRef = 429162C02AB8D39200E7361C /* SignUpModels.swift */; };
		429162C72AB8D39200E7361C /* SignUpViewController.swift in Sources */ = {isa = PBXBuildFile; fileRef = 429162C12AB8D39200E7361C /* SignUpViewController.swift */; };
		429162C82AB8D39200E7361C /* SignUpInteractor.swift in Sources */ = {isa = PBXBuildFile; fileRef = 429162C22AB8D39200E7361C /* SignUpInteractor.swift */; };
		4295C8872A7F940300447493 /* LocationTableViewCell.swift in Sources */ = {isa = PBXBuildFile; fileRef = 4295C8862A7F940300447493 /* LocationTableViewCell.swift */; };
		4295C88C2A7FB28800447493 /* LocationsManager.swift in Sources */ = {isa = PBXBuildFile; fileRef = 4295C88B2A7FB28800447493 /* LocationsManager.swift */; };
		429F1D7C2A8927DE00EB5C77 /* LocationDescriptionBusinessLogicSpy.swift in Sources */ = {isa = PBXBuildFile; fileRef = 429F1D7B2A8927DE00EB5C77 /* LocationDescriptionBusinessLogicSpy.swift */; };
		429F1D7E2A8928B300EB5C77 /* LocationDescriptionPresentationLogicSpy.swift in Sources */ = {isa = PBXBuildFile; fileRef = 429F1D7D2A8928B300EB5C77 /* LocationDescriptionPresentationLogicSpy.swift */; };
		429F1D802A892A1000EB5C77 /* LocationDescriptionDisplayLogicSpy.swift in Sources */ = {isa = PBXBuildFile; fileRef = 429F1D7F2A892A1000EB5C77 /* LocationDescriptionDisplayLogicSpy.swift */; };
		429F1D822A892AB700EB5C77 /* LocationDescriptionWorkingLogicSpy.swift in Sources */ = {isa = PBXBuildFile; fileRef = 429F1D812A892AB700EB5C77 /* LocationDescriptionWorkingLogicSpy.swift */; };
		429F1D842A892B5C00EB5C77 /* LocationDescriptionViewControllerTests.swift in Sources */ = {isa = PBXBuildFile; fileRef = 429F1D832A892B5C00EB5C77 /* LocationDescriptionViewControllerTests.swift */; };
		429F1D862A892E4300EB5C77 /* LocationDescriptionInteractorTests.swift in Sources */ = {isa = PBXBuildFile; fileRef = 429F1D852A892E4300EB5C77 /* LocationDescriptionInteractorTests.swift */; };
		429F1D882A89390600EB5C77 /* LocationDescriptionPresenterTests.swift in Sources */ = {isa = PBXBuildFile; fileRef = 429F1D872A89390600EB5C77 /* LocationDescriptionPresenterTests.swift */; };
		42AA842F2AA32344004884BB /* MapViewControllerTests.swift in Sources */ = {isa = PBXBuildFile; fileRef = 42AA842E2AA32344004884BB /* MapViewControllerTests.swift */; };
		42AA84322AA32388004884BB /* MapBusinessLogicSpy.swift in Sources */ = {isa = PBXBuildFile; fileRef = 42AA84312AA32388004884BB /* MapBusinessLogicSpy.swift */; };
		42AA84352AA323BF004884BB /* MapPresentationLogicSpy.swift in Sources */ = {isa = PBXBuildFile; fileRef = 42AA84342AA323BF004884BB /* MapPresentationLogicSpy.swift */; };
		42AA84372AA323D5004884BB /* MapDisplayLogicSpy.swift in Sources */ = {isa = PBXBuildFile; fileRef = 42AA84362AA323D5004884BB /* MapDisplayLogicSpy.swift */; };
		42AA84392AA323E7004884BB /* MapWorkingLogicSpy.swift in Sources */ = {isa = PBXBuildFile; fileRef = 42AA84382AA323E7004884BB /* MapWorkingLogicSpy.swift */; };
		42AA843B2AA323FF004884BB /* MapInteractorTests.swift in Sources */ = {isa = PBXBuildFile; fileRef = 42AA843A2AA323FF004884BB /* MapInteractorTests.swift */; };
		42AA843D2AA32415004884BB /* MapPresenterTests.swift in Sources */ = {isa = PBXBuildFile; fileRef = 42AA843C2AA32415004884BB /* MapPresenterTests.swift */; };
		42DD16812ABC6F2900010830 /* FirebaseAuth in Frameworks */ = {isa = PBXBuildFile; productRef = 42DD16802ABC6F2900010830 /* FirebaseAuth */; };
		42FA561A2A7E72BA00144F2A /* AppDelegate.swift in Sources */ = {isa = PBXBuildFile; fileRef = 42FA56192A7E72BA00144F2A /* AppDelegate.swift */; };
		42FA561C2A7E72BA00144F2A /* SceneDelegate.swift in Sources */ = {isa = PBXBuildFile; fileRef = 42FA561B2A7E72BA00144F2A /* SceneDelegate.swift */; };
		42FA56232A7E72BB00144F2A /* Assets.xcassets in Resources */ = {isa = PBXBuildFile; fileRef = 42FA56222A7E72BB00144F2A /* Assets.xcassets */; };
		42FA56262A7E72BB00144F2A /* LaunchScreen.storyboard in Resources */ = {isa = PBXBuildFile; fileRef = 42FA56242A7E72BB00144F2A /* LaunchScreen.storyboard */; };
		42FA563B2A7E72BB00144F2A /* LocationsListUITests.swift in Sources */ = {isa = PBXBuildFile; fileRef = 42FA563A2A7E72BB00144F2A /* LocationsListUITests.swift */; };
		42FA564B2A7E7A8500144F2A /* SnapKit in Frameworks */ = {isa = PBXBuildFile; productRef = 42FA564A2A7E7A8500144F2A /* SnapKit */; };
/* End PBXBuildFile section */

/* Begin PBXContainerItemProxy section */
		42FA562D2A7E72BB00144F2A /* PBXContainerItemProxy */ = {
			isa = PBXContainerItemProxy;
			containerPortal = 42FA560E2A7E72BA00144F2A /* Project object */;
			proxyType = 1;
			remoteGlobalIDString = 42FA56152A7E72BA00144F2A;
			remoteInfo = Photato;
		};
		42FA56372A7E72BB00144F2A /* PBXContainerItemProxy */ = {
			isa = PBXContainerItemProxy;
			containerPortal = 42FA560E2A7E72BA00144F2A /* Project object */;
			proxyType = 1;
			remoteGlobalIDString = 42FA56152A7E72BA00144F2A;
			remoteInfo = Photato;
		};
/* End PBXContainerItemProxy section */

/* Begin PBXFileReference section */
		42023CE22ABADDF200950E97 /* UITextFieldExtension.swift */ = {isa = PBXFileReference; lastKnownFileType = sourcecode.swift; path = UITextFieldExtension.swift; sourceTree = "<group>"; };
		422259F62AB9850300274737 /* LoadingPresenter.swift */ = {isa = PBXFileReference; lastKnownFileType = sourcecode.swift; path = LoadingPresenter.swift; sourceTree = "<group>"; };
		422259F72AB9850300274737 /* LoadingWorker.swift */ = {isa = PBXFileReference; lastKnownFileType = sourcecode.swift; path = LoadingWorker.swift; sourceTree = "<group>"; };
		422259F82AB9850300274737 /* LoadingRouter.swift */ = {isa = PBXFileReference; lastKnownFileType = sourcecode.swift; path = LoadingRouter.swift; sourceTree = "<group>"; };
		422259F92AB9850300274737 /* LoadingModels.swift */ = {isa = PBXFileReference; lastKnownFileType = sourcecode.swift; path = LoadingModels.swift; sourceTree = "<group>"; };
		422259FA2AB9850300274737 /* LoadingViewController.swift */ = {isa = PBXFileReference; lastKnownFileType = sourcecode.swift; path = LoadingViewController.swift; sourceTree = "<group>"; };
		422259FB2AB9850300274737 /* LoadingInteractor.swift */ = {isa = PBXFileReference; lastKnownFileType = sourcecode.swift; path = LoadingInteractor.swift; sourceTree = "<group>"; };
		42225A052AB987D200274737 /* UserValidationRouter.swift */ = {isa = PBXFileReference; lastKnownFileType = sourcecode.swift; path = UserValidationRouter.swift; sourceTree = "<group>"; };
		42225A072AB987D200274737 /* UserValidationViewController.swift */ = {isa = PBXFileReference; lastKnownFileType = sourcecode.swift; path = UserValidationViewController.swift; sourceTree = "<group>"; };
		424528D32A7E99210059246D /* TabBarController.swift */ = {isa = PBXFileReference; lastKnownFileType = sourcecode.swift; path = TabBarController.swift; sourceTree = "<group>"; };
		424528E32A7E9A390059246D /* MapPresenter.swift */ = {isa = PBXFileReference; lastKnownFileType = sourcecode.swift; path = MapPresenter.swift; sourceTree = "<group>"; };
		424528E42A7E9A390059246D /* MapWorker.swift */ = {isa = PBXFileReference; lastKnownFileType = sourcecode.swift; path = MapWorker.swift; sourceTree = "<group>"; };
		424528E52A7E9A390059246D /* MapRouter.swift */ = {isa = PBXFileReference; lastKnownFileType = sourcecode.swift; path = MapRouter.swift; sourceTree = "<group>"; };
		424528E62A7E9A390059246D /* MapModels.swift */ = {isa = PBXFileReference; lastKnownFileType = sourcecode.swift; path = MapModels.swift; sourceTree = "<group>"; };
		424528E72A7E9A390059246D /* MapViewController.swift */ = {isa = PBXFileReference; lastKnownFileType = sourcecode.swift; path = MapViewController.swift; sourceTree = "<group>"; };
		424528E82A7E9A390059246D /* MapInteractor.swift */ = {isa = PBXFileReference; lastKnownFileType = sourcecode.swift; path = MapInteractor.swift; sourceTree = "<group>"; };
		424528F02A7E9AB00059246D /* LocationsListPresenter.swift */ = {isa = PBXFileReference; lastKnownFileType = sourcecode.swift; path = LocationsListPresenter.swift; sourceTree = "<group>"; };
		424528F12A7E9AB00059246D /* LocationsListWorker.swift */ = {isa = PBXFileReference; lastKnownFileType = sourcecode.swift; path = LocationsListWorker.swift; sourceTree = "<group>"; };
		424528F22A7E9AB00059246D /* LocationsListRouter.swift */ = {isa = PBXFileReference; lastKnownFileType = sourcecode.swift; path = LocationsListRouter.swift; sourceTree = "<group>"; };
		424528F32A7E9AB00059246D /* LocationsListModels.swift */ = {isa = PBXFileReference; lastKnownFileType = sourcecode.swift; path = LocationsListModels.swift; sourceTree = "<group>"; };
		424528F42A7E9AB00059246D /* LocationsListViewController.swift */ = {isa = PBXFileReference; lastKnownFileType = sourcecode.swift; path = LocationsListViewController.swift; sourceTree = "<group>"; };
		424528F52A7E9AB00059246D /* LocationsListInteractor.swift */ = {isa = PBXFileReference; lastKnownFileType = sourcecode.swift; path = LocationsListInteractor.swift; sourceTree = "<group>"; };
		424528FD2A7E9B110059246D /* ProfilePresenter.swift */ = {isa = PBXFileReference; lastKnownFileType = sourcecode.swift; path = ProfilePresenter.swift; sourceTree = "<group>"; };
		424528FE2A7E9B110059246D /* ProfileWorker.swift */ = {isa = PBXFileReference; lastKnownFileType = sourcecode.swift; path = ProfileWorker.swift; sourceTree = "<group>"; };
		424528FF2A7E9B110059246D /* ProfileRouter.swift */ = {isa = PBXFileReference; lastKnownFileType = sourcecode.swift; path = ProfileRouter.swift; sourceTree = "<group>"; };
		424529002A7E9B110059246D /* ProfileModels.swift */ = {isa = PBXFileReference; lastKnownFileType = sourcecode.swift; path = ProfileModels.swift; sourceTree = "<group>"; };
		424529012A7E9B110059246D /* ProfileViewController.swift */ = {isa = PBXFileReference; lastKnownFileType = sourcecode.swift; path = ProfileViewController.swift; sourceTree = "<group>"; };
		424529022A7E9B110059246D /* ProfileInteractor.swift */ = {isa = PBXFileReference; lastKnownFileType = sourcecode.swift; path = ProfileInteractor.swift; sourceTree = "<group>"; };
		4245290A2A7E9BB30059246D /* LocationDescriptionPresenter.swift */ = {isa = PBXFileReference; lastKnownFileType = sourcecode.swift; path = LocationDescriptionPresenter.swift; sourceTree = "<group>"; };
		4245290B2A7E9BB30059246D /* LocationDescriptionWorker.swift */ = {isa = PBXFileReference; lastKnownFileType = sourcecode.swift; path = LocationDescriptionWorker.swift; sourceTree = "<group>"; };
		4245290C2A7E9BB30059246D /* LocationDescriptionRouter.swift */ = {isa = PBXFileReference; lastKnownFileType = sourcecode.swift; path = LocationDescriptionRouter.swift; sourceTree = "<group>"; };
		4245290D2A7E9BB30059246D /* LocationDescriptionModels.swift */ = {isa = PBXFileReference; lastKnownFileType = sourcecode.swift; path = LocationDescriptionModels.swift; sourceTree = "<group>"; };
		4245290E2A7E9BB30059246D /* LocationDescriptionViewController.swift */ = {isa = PBXFileReference; lastKnownFileType = sourcecode.swift; path = LocationDescriptionViewController.swift; sourceTree = "<group>"; };
		4245290F2A7E9BB30059246D /* LocationDescriptionInteractor.swift */ = {isa = PBXFileReference; lastKnownFileType = sourcecode.swift; path = LocationDescriptionInteractor.swift; sourceTree = "<group>"; };
		424529162A7EA3C10059246D /* Main.storyboard */ = {isa = PBXFileReference; lastKnownFileType = file.storyboard; path = Main.storyboard; sourceTree = "<group>"; };
		424529192A7EA5EE0059246D /* UIColorExtension.swift */ = {isa = PBXFileReference; lastKnownFileType = sourcecode.swift; path = UIColorExtension.swift; sourceTree = "<group>"; };
		4245291D2A7EAB180059246D /* Location.swift */ = {isa = PBXFileReference; lastKnownFileType = sourcecode.swift; path = Location.swift; sourceTree = "<group>"; };
		425867322A823B3C00BB39A7 /* LocationsListPresentationLogicSpy.swift */ = {isa = PBXFileReference; lastKnownFileType = sourcecode.swift; path = LocationsListPresentationLogicSpy.swift; sourceTree = "<group>"; };
		425867342A823BD200BB39A7 /* LocationsListInteractorTests.swift */ = {isa = PBXFileReference; lastKnownFileType = sourcecode.swift; path = LocationsListInteractorTests.swift; sourceTree = "<group>"; };
		425867362A82418000BB39A7 /* LocationsListWorkingLogicSpy.swift */ = {isa = PBXFileReference; lastKnownFileType = sourcecode.swift; path = LocationsListWorkingLogicSpy.swift; sourceTree = "<group>"; };
		425867382A8257E100BB39A7 /* LocationsListPresenterTests.swift */ = {isa = PBXFileReference; lastKnownFileType = sourcecode.swift; path = LocationsListPresenterTests.swift; sourceTree = "<group>"; };
		4272C1502A8154ED00E2AD47 /* LocationsListTableViewSpy.swift */ = {isa = PBXFileReference; lastKnownFileType = sourcecode.swift; path = LocationsListTableViewSpy.swift; sourceTree = "<group>"; };
		4272C1522A81555C00E2AD47 /* LocationsListDisplayLogicSpy.swift */ = {isa = PBXFileReference; lastKnownFileType = sourcecode.swift; path = LocationsListDisplayLogicSpy.swift; sourceTree = "<group>"; };
		4272C1552A8156E900E2AD47 /* LocationsListViewControllerTests.swift */ = {isa = PBXFileReference; lastKnownFileType = sourcecode.swift; path = LocationsListViewControllerTests.swift; sourceTree = "<group>"; };
		4272C1592A8157AE00E2AD47 /* LocationsListBusinessLogicSpy.swift */ = {isa = PBXFileReference; lastKnownFileType = sourcecode.swift; path = LocationsListBusinessLogicSpy.swift; sourceTree = "<group>"; };
		428075522AA5AEF0003C8848 /* GoogleService-Info.plist */ = {isa = PBXFileReference; fileEncoding = 4; lastKnownFileType = text.plist.xml; path = "GoogleService-Info.plist"; sourceTree = "<group>"; };
		4280755D2AA5BB6A003C8848 /* FirebaseManager.swift */ = {isa = PBXFileReference; lastKnownFileType = sourcecode.swift; path = FirebaseManager.swift; sourceTree = "<group>"; };
		429162A52AB8D35600E7361C /* OpeningPresenter.swift */ = {isa = PBXFileReference; lastKnownFileType = sourcecode.swift; path = OpeningPresenter.swift; sourceTree = "<group>"; };
		429162A82AB8D35600E7361C /* OpeningModels.swift */ = {isa = PBXFileReference; lastKnownFileType = sourcecode.swift; path = OpeningModels.swift; sourceTree = "<group>"; };
		429162A92AB8D35600E7361C /* OpeningViewController.swift */ = {isa = PBXFileReference; lastKnownFileType = sourcecode.swift; path = OpeningViewController.swift; sourceTree = "<group>"; };
		429162AA2AB8D35600E7361C /* OpeningInteractor.swift */ = {isa = PBXFileReference; lastKnownFileType = sourcecode.swift; path = OpeningInteractor.swift; sourceTree = "<group>"; };
		429162B12AB8D37600E7361C /* LoginPresenter.swift */ = {isa = PBXFileReference; lastKnownFileType = sourcecode.swift; path = LoginPresenter.swift; sourceTree = "<group>"; };
		429162B22AB8D37600E7361C /* LoginWorker.swift */ = {isa = PBXFileReference; lastKnownFileType = sourcecode.swift; path = LoginWorker.swift; sourceTree = "<group>"; };
		429162B32AB8D37600E7361C /* LoginRouter.swift */ = {isa = PBXFileReference; lastKnownFileType = sourcecode.swift; path = LoginRouter.swift; sourceTree = "<group>"; };
		429162B42AB8D37600E7361C /* LoginModels.swift */ = {isa = PBXFileReference; lastKnownFileType = sourcecode.swift; path = LoginModels.swift; sourceTree = "<group>"; };
		429162B52AB8D37600E7361C /* LoginViewController.swift */ = {isa = PBXFileReference; lastKnownFileType = sourcecode.swift; path = LoginViewController.swift; sourceTree = "<group>"; };
		429162B62AB8D37600E7361C /* LoginInteractor.swift */ = {isa = PBXFileReference; lastKnownFileType = sourcecode.swift; path = LoginInteractor.swift; sourceTree = "<group>"; };
		429162BD2AB8D39200E7361C /* SignUpPresenter.swift */ = {isa = PBXFileReference; lastKnownFileType = sourcecode.swift; path = SignUpPresenter.swift; sourceTree = "<group>"; };
		429162BE2AB8D39200E7361C /* SignUpWorker.swift */ = {isa = PBXFileReference; lastKnownFileType = sourcecode.swift; path = SignUpWorker.swift; sourceTree = "<group>"; };
		429162BF2AB8D39200E7361C /* SignUpRouter.swift */ = {isa = PBXFileReference; lastKnownFileType = sourcecode.swift; path = SignUpRouter.swift; sourceTree = "<group>"; };
		429162C02AB8D39200E7361C /* SignUpModels.swift */ = {isa = PBXFileReference; lastKnownFileType = sourcecode.swift; path = SignUpModels.swift; sourceTree = "<group>"; };
		429162C12AB8D39200E7361C /* SignUpViewController.swift */ = {isa = PBXFileReference; lastKnownFileType = sourcecode.swift; path = SignUpViewController.swift; sourceTree = "<group>"; };
		429162C22AB8D39200E7361C /* SignUpInteractor.swift */ = {isa = PBXFileReference; lastKnownFileType = sourcecode.swift; path = SignUpInteractor.swift; sourceTree = "<group>"; };
		4295C8862A7F940300447493 /* LocationTableViewCell.swift */ = {isa = PBXFileReference; lastKnownFileType = sourcecode.swift; path = LocationTableViewCell.swift; sourceTree = "<group>"; };
		4295C88B2A7FB28800447493 /* LocationsManager.swift */ = {isa = PBXFileReference; lastKnownFileType = sourcecode.swift; path = LocationsManager.swift; sourceTree = "<group>"; };
		429F1D7B2A8927DE00EB5C77 /* LocationDescriptionBusinessLogicSpy.swift */ = {isa = PBXFileReference; lastKnownFileType = sourcecode.swift; path = LocationDescriptionBusinessLogicSpy.swift; sourceTree = "<group>"; };
		429F1D7D2A8928B300EB5C77 /* LocationDescriptionPresentationLogicSpy.swift */ = {isa = PBXFileReference; lastKnownFileType = sourcecode.swift; path = LocationDescriptionPresentationLogicSpy.swift; sourceTree = "<group>"; };
		429F1D7F2A892A1000EB5C77 /* LocationDescriptionDisplayLogicSpy.swift */ = {isa = PBXFileReference; lastKnownFileType = sourcecode.swift; path = LocationDescriptionDisplayLogicSpy.swift; sourceTree = "<group>"; };
		429F1D812A892AB700EB5C77 /* LocationDescriptionWorkingLogicSpy.swift */ = {isa = PBXFileReference; lastKnownFileType = sourcecode.swift; path = LocationDescriptionWorkingLogicSpy.swift; sourceTree = "<group>"; };
		429F1D832A892B5C00EB5C77 /* LocationDescriptionViewControllerTests.swift */ = {isa = PBXFileReference; lastKnownFileType = sourcecode.swift; path = LocationDescriptionViewControllerTests.swift; sourceTree = "<group>"; };
		429F1D852A892E4300EB5C77 /* LocationDescriptionInteractorTests.swift */ = {isa = PBXFileReference; lastKnownFileType = sourcecode.swift; path = LocationDescriptionInteractorTests.swift; sourceTree = "<group>"; };
		429F1D872A89390600EB5C77 /* LocationDescriptionPresenterTests.swift */ = {isa = PBXFileReference; lastKnownFileType = sourcecode.swift; path = LocationDescriptionPresenterTests.swift; sourceTree = "<group>"; };
		42AA842E2AA32344004884BB /* MapViewControllerTests.swift */ = {isa = PBXFileReference; lastKnownFileType = sourcecode.swift; path = MapViewControllerTests.swift; sourceTree = "<group>"; };
		42AA84312AA32388004884BB /* MapBusinessLogicSpy.swift */ = {isa = PBXFileReference; lastKnownFileType = sourcecode.swift; path = MapBusinessLogicSpy.swift; sourceTree = "<group>"; };
		42AA84342AA323BF004884BB /* MapPresentationLogicSpy.swift */ = {isa = PBXFileReference; lastKnownFileType = sourcecode.swift; path = MapPresentationLogicSpy.swift; sourceTree = "<group>"; };
		42AA84362AA323D5004884BB /* MapDisplayLogicSpy.swift */ = {isa = PBXFileReference; lastKnownFileType = sourcecode.swift; path = MapDisplayLogicSpy.swift; sourceTree = "<group>"; };
		42AA84382AA323E7004884BB /* MapWorkingLogicSpy.swift */ = {isa = PBXFileReference; lastKnownFileType = sourcecode.swift; path = MapWorkingLogicSpy.swift; sourceTree = "<group>"; };
		42AA843A2AA323FF004884BB /* MapInteractorTests.swift */ = {isa = PBXFileReference; lastKnownFileType = sourcecode.swift; path = MapInteractorTests.swift; sourceTree = "<group>"; };
		42AA843C2AA32415004884BB /* MapPresenterTests.swift */ = {isa = PBXFileReference; lastKnownFileType = sourcecode.swift; path = MapPresenterTests.swift; sourceTree = "<group>"; };
		42FA56162A7E72BA00144F2A /* Photato.app */ = {isa = PBXFileReference; explicitFileType = wrapper.application; includeInIndex = 0; path = Photato.app; sourceTree = BUILT_PRODUCTS_DIR; };
		42FA56192A7E72BA00144F2A /* AppDelegate.swift */ = {isa = PBXFileReference; lastKnownFileType = sourcecode.swift; path = AppDelegate.swift; sourceTree = "<group>"; };
		42FA561B2A7E72BA00144F2A /* SceneDelegate.swift */ = {isa = PBXFileReference; lastKnownFileType = sourcecode.swift; path = SceneDelegate.swift; sourceTree = "<group>"; };
		42FA56222A7E72BB00144F2A /* Assets.xcassets */ = {isa = PBXFileReference; lastKnownFileType = folder.assetcatalog; path = Assets.xcassets; sourceTree = "<group>"; };
		42FA56252A7E72BB00144F2A /* Base */ = {isa = PBXFileReference; lastKnownFileType = file.storyboard; name = Base; path = Base.lproj/LaunchScreen.storyboard; sourceTree = "<group>"; };
		42FA56272A7E72BB00144F2A /* Info.plist */ = {isa = PBXFileReference; lastKnownFileType = text.plist.xml; path = Info.plist; sourceTree = "<group>"; };
		42FA562C2A7E72BB00144F2A /* PhotatoTests.xctest */ = {isa = PBXFileReference; explicitFileType = wrapper.cfbundle; includeInIndex = 0; path = PhotatoTests.xctest; sourceTree = BUILT_PRODUCTS_DIR; };
		42FA56362A7E72BB00144F2A /* PhotatoUITests.xctest */ = {isa = PBXFileReference; explicitFileType = wrapper.cfbundle; includeInIndex = 0; path = PhotatoUITests.xctest; sourceTree = BUILT_PRODUCTS_DIR; };
		42FA563A2A7E72BB00144F2A /* LocationsListUITests.swift */ = {isa = PBXFileReference; lastKnownFileType = sourcecode.swift; path = LocationsListUITests.swift; sourceTree = "<group>"; };
/* End PBXFileReference section */

/* Begin PBXFrameworksBuildPhase section */
		42FA56132A7E72BA00144F2A /* Frameworks */ = {
			isa = PBXFrameworksBuildPhase;
			buildActionMask = 2147483647;
			files = (
				428075582AA5B3D4003C8848 /* FirebaseDatabase in Frameworks */,
				42DD16812ABC6F2900010830 /* FirebaseAuth in Frameworks */,
				4280755A2AA5B3D4003C8848 /* FirebaseFirestore in Frameworks */,
				428075562AA5B3D4003C8848 /* FirebaseAnalytics in Frameworks */,
				4280755C2AA5B3D4003C8848 /* FirebaseStorage in Frameworks */,
				42FA564B2A7E7A8500144F2A /* SnapKit in Frameworks */,
			);
			runOnlyForDeploymentPostprocessing = 0;
		};
		42FA56292A7E72BB00144F2A /* Frameworks */ = {
			isa = PBXFrameworksBuildPhase;
			buildActionMask = 2147483647;
			files = (
			);
			runOnlyForDeploymentPostprocessing = 0;
		};
		42FA56332A7E72BB00144F2A /* Frameworks */ = {
			isa = PBXFrameworksBuildPhase;
			buildActionMask = 2147483647;
			files = (
			);
			runOnlyForDeploymentPostprocessing = 0;
		};
/* End PBXFrameworksBuildPhase section */

/* Begin PBXGroup section */
		422259F52AB984F100274737 /* Loading */ = {
			isa = PBXGroup;
			children = (
				422259FA2AB9850300274737 /* LoadingViewController.swift */,
				422259FB2AB9850300274737 /* LoadingInteractor.swift */,
				422259F62AB9850300274737 /* LoadingPresenter.swift */,
				422259F72AB9850300274737 /* LoadingWorker.swift */,
				422259F82AB9850300274737 /* LoadingRouter.swift */,
				422259F92AB9850300274737 /* LoadingModels.swift */,
			);
			path = Loading;
			sourceTree = "<group>";
		};
		42225A022AB9878300274737 /* UserValidation */ = {
			isa = PBXGroup;
			children = (
				42225A072AB987D200274737 /* UserValidationViewController.swift */,
				42225A052AB987D200274737 /* UserValidationRouter.swift */,
			);
			path = UserValidation;
			sourceTree = "<group>";
		};
		424528D12A7E975C0059246D /* SupportingFiles */ = {
			isa = PBXGroup;
			children = (
				42FA56192A7E72BA00144F2A /* AppDelegate.swift */,
				424528D32A7E99210059246D /* TabBarController.swift */,
				424529192A7EA5EE0059246D /* UIColorExtension.swift */,
				42023CE22ABADDF200950E97 /* UITextFieldExtension.swift */,
				42FA561B2A7E72BA00144F2A /* SceneDelegate.swift */,
				4295C8862A7F940300447493 /* LocationTableViewCell.swift */,
				42FA56272A7E72BB00144F2A /* Info.plist */,
				428075522AA5AEF0003C8848 /* GoogleService-Info.plist */,
			);
			path = SupportingFiles;
			sourceTree = "<group>";
		};
		424528D22A7E97860059246D /* Resources */ = {
			isa = PBXGroup;
			children = (
				42FA56222A7E72BB00144F2A /* Assets.xcassets */,
			);
			path = Resources;
			sourceTree = "<group>";
		};
		424528E12A7E997A0059246D /* Map */ = {
			isa = PBXGroup;
			children = (
				424528E72A7E9A390059246D /* MapViewController.swift */,
				424528E82A7E9A390059246D /* MapInteractor.swift */,
				424528E32A7E9A390059246D /* MapPresenter.swift */,
				424528E42A7E9A390059246D /* MapWorker.swift */,
				424528E52A7E9A390059246D /* MapRouter.swift */,
				424528E62A7E9A390059246D /* MapModels.swift */,
			);
			path = Map;
			sourceTree = "<group>";
		};
		424528EF2A7E9A870059246D /* LocationsList */ = {
			isa = PBXGroup;
			children = (
				424528F42A7E9AB00059246D /* LocationsListViewController.swift */,
				424528F52A7E9AB00059246D /* LocationsListInteractor.swift */,
				424528F02A7E9AB00059246D /* LocationsListPresenter.swift */,
				424528F12A7E9AB00059246D /* LocationsListWorker.swift */,
				424528F22A7E9AB00059246D /* LocationsListRouter.swift */,
				424528F32A7E9AB00059246D /* LocationsListModels.swift */,
			);
			path = LocationsList;
			sourceTree = "<group>";
		};
		424528FC2A7E9AF10059246D /* Profile */ = {
			isa = PBXGroup;
			children = (
				424529012A7E9B110059246D /* ProfileViewController.swift */,
				424529022A7E9B110059246D /* ProfileInteractor.swift */,
				424528FD2A7E9B110059246D /* ProfilePresenter.swift */,
				424528FE2A7E9B110059246D /* ProfileWorker.swift */,
				424528FF2A7E9B110059246D /* ProfileRouter.swift */,
				424529002A7E9B110059246D /* ProfileModels.swift */,
			);
			path = Profile;
			sourceTree = "<group>";
		};
		424529092A7E9B920059246D /* LocationDescription */ = {
			isa = PBXGroup;
			children = (
				4245290E2A7E9BB30059246D /* LocationDescriptionViewController.swift */,
				4245290F2A7E9BB30059246D /* LocationDescriptionInteractor.swift */,
				4245290A2A7E9BB30059246D /* LocationDescriptionPresenter.swift */,
				4245290B2A7E9BB30059246D /* LocationDescriptionWorker.swift */,
				4245290C2A7E9BB30059246D /* LocationDescriptionRouter.swift */,
				4245290D2A7E9BB30059246D /* LocationDescriptionModels.swift */,
			);
			path = LocationDescription;
			sourceTree = "<group>";
		};
		424529182A7EA5A40059246D /* Storyboard */ = {
			isa = PBXGroup;
			children = (
				42FA56242A7E72BB00144F2A /* LaunchScreen.storyboard */,
				424529162A7EA3C10059246D /* Main.storyboard */,
			);
			path = Storyboard;
			sourceTree = "<group>";
		};
		4245291C2A7EAAFA0059246D /* Model */ = {
			isa = PBXGroup;
			children = (
				4245291D2A7EAB180059246D /* Location.swift */,
			);
			path = Model;
			sourceTree = "<group>";
		};
		4245291F2A7EB7670059246D /* LocationsListTests */ = {
			isa = PBXGroup;
			children = (
				4272C1552A8156E900E2AD47 /* LocationsListViewControllerTests.swift */,
				425867342A823BD200BB39A7 /* LocationsListInteractorTests.swift */,
				425867382A8257E100BB39A7 /* LocationsListPresenterTests.swift */,
				4272C1542A8156A300E2AD47 /* TestsSpies */,
			);
			path = LocationsListTests;
			sourceTree = "<group>";
		};
		4272C1542A8156A300E2AD47 /* TestsSpies */ = {
			isa = PBXGroup;
			children = (
				4272C1502A8154ED00E2AD47 /* LocationsListTableViewSpy.swift */,
				4272C1592A8157AE00E2AD47 /* LocationsListBusinessLogicSpy.swift */,
				425867362A82418000BB39A7 /* LocationsListWorkingLogicSpy.swift */,
				425867322A823B3C00BB39A7 /* LocationsListPresentationLogicSpy.swift */,
				4272C1522A81555C00E2AD47 /* LocationsListDisplayLogicSpy.swift */,
			);
			path = TestsSpies;
			sourceTree = "<group>";
		};
		429162A22AB8CEB300E7361C /* Opening */ = {
			isa = PBXGroup;
			children = (
				429162A92AB8D35600E7361C /* OpeningViewController.swift */,
				429162AA2AB8D35600E7361C /* OpeningInteractor.swift */,
				429162A52AB8D35600E7361C /* OpeningPresenter.swift */,
				429162A82AB8D35600E7361C /* OpeningModels.swift */,
				42225A022AB9878300274737 /* UserValidation */,
				429162A42AB8D32200E7361C /* SignUp */,
				429162A32AB8D31600E7361C /* Login */,
				422259F52AB984F100274737 /* Loading */,
			);
			path = Opening;
			sourceTree = "<group>";
		};
		429162A32AB8D31600E7361C /* Login */ = {
			isa = PBXGroup;
			children = (
				429162B52AB8D37600E7361C /* LoginViewController.swift */,
				429162B62AB8D37600E7361C /* LoginInteractor.swift */,
				429162B12AB8D37600E7361C /* LoginPresenter.swift */,
				429162B22AB8D37600E7361C /* LoginWorker.swift */,
				429162B32AB8D37600E7361C /* LoginRouter.swift */,
				429162B42AB8D37600E7361C /* LoginModels.swift */,
			);
			path = Login;
			sourceTree = "<group>";
		};
		429162A42AB8D32200E7361C /* SignUp */ = {
			isa = PBXGroup;
			children = (
				429162C12AB8D39200E7361C /* SignUpViewController.swift */,
				429162C22AB8D39200E7361C /* SignUpInteractor.swift */,
				429162BD2AB8D39200E7361C /* SignUpPresenter.swift */,
				429162BE2AB8D39200E7361C /* SignUpWorker.swift */,
				429162BF2AB8D39200E7361C /* SignUpRouter.swift */,
				429162C02AB8D39200E7361C /* SignUpModels.swift */,
			);
			path = SignUp;
			sourceTree = "<group>";
		};
		4295C88A2A7FB27200447493 /* Services */ = {
			isa = PBXGroup;
			children = (
				4295C88B2A7FB28800447493 /* LocationsManager.swift */,
				4280755D2AA5BB6A003C8848 /* FirebaseManager.swift */,
			);
			path = Services;
			sourceTree = "<group>";
		};
		429F1D772A89262700EB5C77 /* LocationDescriptionTests */ = {
			isa = PBXGroup;
			children = (
				429F1D832A892B5C00EB5C77 /* LocationDescriptionViewControllerTests.swift */,
				429F1D852A892E4300EB5C77 /* LocationDescriptionInteractorTests.swift */,
				429F1D872A89390600EB5C77 /* LocationDescriptionPresenterTests.swift */,
				429F1D782A89263800EB5C77 /* TestsSpies */,
			);
			path = LocationDescriptionTests;
			sourceTree = "<group>";
		};
		429F1D782A89263800EB5C77 /* TestsSpies */ = {
			isa = PBXGroup;
			children = (
				429F1D7B2A8927DE00EB5C77 /* LocationDescriptionBusinessLogicSpy.swift */,
				429F1D7D2A8928B300EB5C77 /* LocationDescriptionPresentationLogicSpy.swift */,
				429F1D7F2A892A1000EB5C77 /* LocationDescriptionDisplayLogicSpy.swift */,
				429F1D812A892AB700EB5C77 /* LocationDescriptionWorkingLogicSpy.swift */,
			);
			path = TestsSpies;
			sourceTree = "<group>";
		};
		42AA84302AA32347004884BB /* MapTests */ = {
			isa = PBXGroup;
			children = (
				42AA842E2AA32344004884BB /* MapViewControllerTests.swift */,
				42AA843A2AA323FF004884BB /* MapInteractorTests.swift */,
				42AA843C2AA32415004884BB /* MapPresenterTests.swift */,
				42AA84332AA3238D004884BB /* TestSpies */,
			);
			path = MapTests;
			sourceTree = "<group>";
		};
		42AA84332AA3238D004884BB /* TestSpies */ = {
			isa = PBXGroup;
			children = (
				42AA84312AA32388004884BB /* MapBusinessLogicSpy.swift */,
				42AA84342AA323BF004884BB /* MapPresentationLogicSpy.swift */,
				42AA84362AA323D5004884BB /* MapDisplayLogicSpy.swift */,
				42AA84382AA323E7004884BB /* MapWorkingLogicSpy.swift */,
			);
			path = TestSpies;
			sourceTree = "<group>";
		};
		42DD167F2ABC6F2900010830 /* Frameworks */ = {
			isa = PBXGroup;
			children = (
			);
			name = Frameworks;
			sourceTree = "<group>";
		};
		42FA560D2A7E72BA00144F2A = {
			isa = PBXGroup;
			children = (
				42FA56182A7E72BA00144F2A /* Photato */,
				42FA562F2A7E72BB00144F2A /* PhotatoTests */,
				42FA56392A7E72BB00144F2A /* PhotatoUITests */,
				42FA56172A7E72BA00144F2A /* Products */,
				42DD167F2ABC6F2900010830 /* Frameworks */,
			);
			sourceTree = "<group>";
		};
		42FA56172A7E72BA00144F2A /* Products */ = {
			isa = PBXGroup;
			children = (
				42FA56162A7E72BA00144F2A /* Photato.app */,
				42FA562C2A7E72BB00144F2A /* PhotatoTests.xctest */,
				42FA56362A7E72BB00144F2A /* PhotatoUITests.xctest */,
			);
			name = Products;
			sourceTree = "<group>";
		};
		42FA56182A7E72BA00144F2A /* Photato */ = {
			isa = PBXGroup;
			children = (
				429162A22AB8CEB300E7361C /* Opening */,
				424528E12A7E997A0059246D /* Map */,
				424528EF2A7E9A870059246D /* LocationsList */,
				424529092A7E9B920059246D /* LocationDescription */,
				424528FC2A7E9AF10059246D /* Profile */,
				4295C88A2A7FB27200447493 /* Services */,
				424528D12A7E975C0059246D /* SupportingFiles */,
				4245291C2A7EAAFA0059246D /* Model */,
				424528D22A7E97860059246D /* Resources */,
				424529182A7EA5A40059246D /* Storyboard */,
			);
			path = Photato;
			sourceTree = "<group>";
		};
		42FA562F2A7E72BB00144F2A /* PhotatoTests */ = {
			isa = PBXGroup;
			children = (
				42AA84302AA32347004884BB /* MapTests */,
				429F1D772A89262700EB5C77 /* LocationDescriptionTests */,
				4245291F2A7EB7670059246D /* LocationsListTests */,
			);
			path = PhotatoTests;
			sourceTree = "<group>";
		};
		42FA56392A7E72BB00144F2A /* PhotatoUITests */ = {
			isa = PBXGroup;
			children = (
				42FA563A2A7E72BB00144F2A /* LocationsListUITests.swift */,
			);
			path = PhotatoUITests;
			sourceTree = "<group>";
		};
/* End PBXGroup section */

/* Begin PBXNativeTarget section */
		42FA56152A7E72BA00144F2A /* Photato */ = {
			isa = PBXNativeTarget;
			buildConfigurationList = 42FA56402A7E72BB00144F2A /* Build configuration list for PBXNativeTarget "Photato" */;
			buildPhases = (
				42FA56122A7E72BA00144F2A /* Sources */,
				42FA56132A7E72BA00144F2A /* Frameworks */,
				42FA56142A7E72BA00144F2A /* Resources */,
			);
			buildRules = (
			);
			dependencies = (
			);
			name = Photato;
			packageProductDependencies = (
				42FA564A2A7E7A8500144F2A /* SnapKit */,
				428075552AA5B3D4003C8848 /* FirebaseAnalytics */,
				428075572AA5B3D4003C8848 /* FirebaseDatabase */,
				428075592AA5B3D4003C8848 /* FirebaseFirestore */,
				4280755B2AA5B3D4003C8848 /* FirebaseStorage */,
				42DD16802ABC6F2900010830 /* FirebaseAuth */,
			);
			productName = Photato;
			productReference = 42FA56162A7E72BA00144F2A /* Photato.app */;
			productType = "com.apple.product-type.application";
		};
		42FA562B2A7E72BB00144F2A /* PhotatoTests */ = {
			isa = PBXNativeTarget;
			buildConfigurationList = 42FA56432A7E72BB00144F2A /* Build configuration list for PBXNativeTarget "PhotatoTests" */;
			buildPhases = (
				42FA56282A7E72BB00144F2A /* Sources */,
				42FA56292A7E72BB00144F2A /* Frameworks */,
				42FA562A2A7E72BB00144F2A /* Resources */,
			);
			buildRules = (
			);
			dependencies = (
				42FA562E2A7E72BB00144F2A /* PBXTargetDependency */,
			);
			name = PhotatoTests;
			productName = PhotatoTests;
			productReference = 42FA562C2A7E72BB00144F2A /* PhotatoTests.xctest */;
			productType = "com.apple.product-type.bundle.unit-test";
		};
		42FA56352A7E72BB00144F2A /* PhotatoUITests */ = {
			isa = PBXNativeTarget;
			buildConfigurationList = 42FA56462A7E72BB00144F2A /* Build configuration list for PBXNativeTarget "PhotatoUITests" */;
			buildPhases = (
				42FA56322A7E72BB00144F2A /* Sources */,
				42FA56332A7E72BB00144F2A /* Frameworks */,
				42FA56342A7E72BB00144F2A /* Resources */,
			);
			buildRules = (
			);
			dependencies = (
				42FA56382A7E72BB00144F2A /* PBXTargetDependency */,
			);
			name = PhotatoUITests;
			productName = PhotatoUITests;
			productReference = 42FA56362A7E72BB00144F2A /* PhotatoUITests.xctest */;
			productType = "com.apple.product-type.bundle.ui-testing";
		};
/* End PBXNativeTarget section */

/* Begin PBXProject section */
		42FA560E2A7E72BA00144F2A /* Project object */ = {
			isa = PBXProject;
			attributes = {
				BuildIndependentTargetsInParallel = 1;
				LastSwiftUpdateCheck = 1430;
				LastUpgradeCheck = 1430;
				TargetAttributes = {
					42FA56152A7E72BA00144F2A = {
						CreatedOnToolsVersion = 14.3.1;
					};
					42FA562B2A7E72BB00144F2A = {
						CreatedOnToolsVersion = 14.3.1;
						TestTargetID = 42FA56152A7E72BA00144F2A;
					};
					42FA56352A7E72BB00144F2A = {
						CreatedOnToolsVersion = 14.3.1;
						TestTargetID = 42FA56152A7E72BA00144F2A;
					};
				};
			};
			buildConfigurationList = 42FA56112A7E72BA00144F2A /* Build configuration list for PBXProject "Photato" */;
			compatibilityVersion = "Xcode 14.0";
			developmentRegion = en;
			hasScannedForEncodings = 0;
			knownRegions = (
				en,
				Base,
			);
			mainGroup = 42FA560D2A7E72BA00144F2A;
			packageReferences = (
				42FA56492A7E7A8500144F2A /* XCRemoteSwiftPackageReference "SnapKit" */,
				428075542AA5B3D4003C8848 /* XCRemoteSwiftPackageReference "firebase-ios-sdk" */,
			);
			productRefGroup = 42FA56172A7E72BA00144F2A /* Products */;
			projectDirPath = "";
			projectRoot = "";
			targets = (
				42FA56152A7E72BA00144F2A /* Photato */,
				42FA562B2A7E72BB00144F2A /* PhotatoTests */,
				42FA56352A7E72BB00144F2A /* PhotatoUITests */,
			);
		};
/* End PBXProject section */

/* Begin PBXResourcesBuildPhase section */
		42FA56142A7E72BA00144F2A /* Resources */ = {
			isa = PBXResourcesBuildPhase;
			buildActionMask = 2147483647;
			files = (
				424529172A7EA3C10059246D /* Main.storyboard in Resources */,
				428075532AA5AEF0003C8848 /* GoogleService-Info.plist in Resources */,
				42FA56262A7E72BB00144F2A /* LaunchScreen.storyboard in Resources */,
				42FA56232A7E72BB00144F2A /* Assets.xcassets in Resources */,
			);
			runOnlyForDeploymentPostprocessing = 0;
		};
		42FA562A2A7E72BB00144F2A /* Resources */ = {
			isa = PBXResourcesBuildPhase;
			buildActionMask = 2147483647;
			files = (
			);
			runOnlyForDeploymentPostprocessing = 0;
		};
		42FA56342A7E72BB00144F2A /* Resources */ = {
			isa = PBXResourcesBuildPhase;
			buildActionMask = 2147483647;
			files = (
			);
			runOnlyForDeploymentPostprocessing = 0;
		};
/* End PBXResourcesBuildPhase section */

/* Begin PBXSourcesBuildPhase section */
		42FA56122A7E72BA00144F2A /* Sources */ = {
			isa = PBXSourcesBuildPhase;
			buildActionMask = 2147483647;
			files = (
				424529152A7E9BB30059246D /* LocationDescriptionInteractor.swift in Sources */,
				424529142A7E9BB30059246D /* LocationDescriptionViewController.swift in Sources */,
				424529122A7E9BB30059246D /* LocationDescriptionRouter.swift in Sources */,
				424528EE2A7E9A390059246D /* MapInteractor.swift in Sources */,
				424528EA2A7E9A390059246D /* MapWorker.swift in Sources */,
				424529072A7E9B110059246D /* ProfileViewController.swift in Sources */,
				4245291E2A7EAB180059246D /* Location.swift in Sources */,
				424528D42A7E99210059246D /* TabBarController.swift in Sources */,
				429162C82AB8D39200E7361C /* SignUpInteractor.swift in Sources */,
				429162C52AB8D39200E7361C /* SignUpRouter.swift in Sources */,
				429162BA2AB8D37600E7361C /* LoginModels.swift in Sources */,
				424528EC2A7E9A390059246D /* MapModels.swift in Sources */,
				429162AB2AB8D35600E7361C /* OpeningPresenter.swift in Sources */,
				429162BC2AB8D37600E7361C /* LoginInteractor.swift in Sources */,
				429162B02AB8D35600E7361C /* OpeningInteractor.swift in Sources */,
				424529112A7E9BB30059246D /* LocationDescriptionWorker.swift in Sources */,
				42FA561A2A7E72BA00144F2A /* AppDelegate.swift in Sources */,
				42225A0B2AB987D200274737 /* UserValidationRouter.swift in Sources */,
				424528F82A7E9AB00059246D /* LocationsListRouter.swift in Sources */,
				429162B82AB8D37600E7361C /* LoginWorker.swift in Sources */,
				429162C32AB8D39200E7361C /* SignUpPresenter.swift in Sources */,
				429162B92AB8D37600E7361C /* LoginRouter.swift in Sources */,
				4295C8872A7F940300447493 /* LocationTableViewCell.swift in Sources */,
				429162C62AB8D39200E7361C /* SignUpModels.swift in Sources */,
				424528F62A7E9AB00059246D /* LocationsListPresenter.swift in Sources */,
				4280755E2AA5BB6A003C8848 /* FirebaseManager.swift in Sources */,
				424528FA2A7E9AB00059246D /* LocationsListViewController.swift in Sources */,
				42225A0D2AB987D200274737 /* UserValidationViewController.swift in Sources */,
				429162C42AB8D39200E7361C /* SignUpWorker.swift in Sources */,
				424528F72A7E9AB00059246D /* LocationsListWorker.swift in Sources */,
				429162B72AB8D37600E7361C /* LoginPresenter.swift in Sources */,
				42023CE32ABADDF200950E97 /* UITextFieldExtension.swift in Sources */,
				429162AF2AB8D35600E7361C /* OpeningViewController.swift in Sources */,
				42FA561C2A7E72BA00144F2A /* SceneDelegate.swift in Sources */,
				4245291A2A7EA5EE0059246D /* UIColorExtension.swift in Sources */,
				424529042A7E9B110059246D /* ProfileWorker.swift in Sources */,
				42225A012AB9850300274737 /* LoadingInteractor.swift in Sources */,
				422259FE2AB9850300274737 /* LoadingRouter.swift in Sources */,
				424529102A7E9BB30059246D /* LocationDescriptionPresenter.swift in Sources */,
				424529032A7E9B110059246D /* ProfilePresenter.swift in Sources */,
				429162C72AB8D39200E7361C /* SignUpViewController.swift in Sources */,
				424529082A7E9B110059246D /* ProfileInteractor.swift in Sources */,
				424529062A7E9B110059246D /* ProfileModels.swift in Sources */,
				424529052A7E9B110059246D /* ProfileRouter.swift in Sources */,
				422259FC2AB9850300274737 /* LoadingPresenter.swift in Sources */,
				429162BB2AB8D37600E7361C /* LoginViewController.swift in Sources */,
				4295C88C2A7FB28800447493 /* LocationsManager.swift in Sources */,
				424529132A7E9BB30059246D /* LocationDescriptionModels.swift in Sources */,
				429162AE2AB8D35600E7361C /* OpeningModels.swift in Sources */,
				422259FD2AB9850300274737 /* LoadingWorker.swift in Sources */,
				422259FF2AB9850300274737 /* LoadingModels.swift in Sources */,
				424528FB2A7E9AB00059246D /* LocationsListInteractor.swift in Sources */,
				424528F92A7E9AB00059246D /* LocationsListModels.swift in Sources */,
				424528E92A7E9A390059246D /* MapPresenter.swift in Sources */,
				42225A002AB9850300274737 /* LoadingViewController.swift in Sources */,
				424528EB2A7E9A390059246D /* MapRouter.swift in Sources */,
				424528ED2A7E9A390059246D /* MapViewController.swift in Sources */,
			);
			runOnlyForDeploymentPostprocessing = 0;
		};
		42FA56282A7E72BB00144F2A /* Sources */ = {
			isa = PBXSourcesBuildPhase;
			buildActionMask = 2147483647;
			files = (
				42AA84392AA323E7004884BB /* MapWorkingLogicSpy.swift in Sources */,
				42AA843B2AA323FF004884BB /* MapInteractorTests.swift in Sources */,
				4272C15A2A8157AE00E2AD47 /* LocationsListBusinessLogicSpy.swift in Sources */,
				429F1D7E2A8928B300EB5C77 /* LocationDescriptionPresentationLogicSpy.swift in Sources */,
				425867352A823BD200BB39A7 /* LocationsListInteractorTests.swift in Sources */,
				425867332A823B3C00BB39A7 /* LocationsListPresentationLogicSpy.swift in Sources */,
				4272C1562A8156E900E2AD47 /* LocationsListViewControllerTests.swift in Sources */,
				42AA84322AA32388004884BB /* MapBusinessLogicSpy.swift in Sources */,
				4272C1512A8154ED00E2AD47 /* LocationsListTableViewSpy.swift in Sources */,
				42AA843D2AA32415004884BB /* MapPresenterTests.swift in Sources */,
				429F1D882A89390600EB5C77 /* LocationDescriptionPresenterTests.swift in Sources */,
				42AA842F2AA32344004884BB /* MapViewControllerTests.swift in Sources */,
				429F1D842A892B5C00EB5C77 /* LocationDescriptionViewControllerTests.swift in Sources */,
				42AA84372AA323D5004884BB /* MapDisplayLogicSpy.swift in Sources */,
				429F1D802A892A1000EB5C77 /* LocationDescriptionDisplayLogicSpy.swift in Sources */,
				429F1D862A892E4300EB5C77 /* LocationDescriptionInteractorTests.swift in Sources */,
				42AA84352AA323BF004884BB /* MapPresentationLogicSpy.swift in Sources */,
				429F1D822A892AB700EB5C77 /* LocationDescriptionWorkingLogicSpy.swift in Sources */,
				425867392A8257E100BB39A7 /* LocationsListPresenterTests.swift in Sources */,
				4272C1532A81555C00E2AD47 /* LocationsListDisplayLogicSpy.swift in Sources */,
				429F1D7C2A8927DE00EB5C77 /* LocationDescriptionBusinessLogicSpy.swift in Sources */,
				425867372A82418000BB39A7 /* LocationsListWorkingLogicSpy.swift in Sources */,
			);
			runOnlyForDeploymentPostprocessing = 0;
		};
		42FA56322A7E72BB00144F2A /* Sources */ = {
			isa = PBXSourcesBuildPhase;
			buildActionMask = 2147483647;
			files = (
				42FA563B2A7E72BB00144F2A /* LocationsListUITests.swift in Sources */,
			);
			runOnlyForDeploymentPostprocessing = 0;
		};
/* End PBXSourcesBuildPhase section */

/* Begin PBXTargetDependency section */
		42FA562E2A7E72BB00144F2A /* PBXTargetDependency */ = {
			isa = PBXTargetDependency;
			target = 42FA56152A7E72BA00144F2A /* Photato */;
			targetProxy = 42FA562D2A7E72BB00144F2A /* PBXContainerItemProxy */;
		};
		42FA56382A7E72BB00144F2A /* PBXTargetDependency */ = {
			isa = PBXTargetDependency;
			target = 42FA56152A7E72BA00144F2A /* Photato */;
			targetProxy = 42FA56372A7E72BB00144F2A /* PBXContainerItemProxy */;
		};
/* End PBXTargetDependency section */

/* Begin PBXVariantGroup section */
		42FA56242A7E72BB00144F2A /* LaunchScreen.storyboard */ = {
			isa = PBXVariantGroup;
			children = (
				42FA56252A7E72BB00144F2A /* Base */,
			);
			name = LaunchScreen.storyboard;
			sourceTree = "<group>";
		};
/* End PBXVariantGroup section */

/* Begin XCBuildConfiguration section */
		42FA563E2A7E72BB00144F2A /* Debug */ = {
			isa = XCBuildConfiguration;
			buildSettings = {
				ALWAYS_SEARCH_USER_PATHS = NO;
				CLANG_ANALYZER_NONNULL = YES;
				CLANG_ANALYZER_NUMBER_OBJECT_CONVERSION = YES_AGGRESSIVE;
				CLANG_CXX_LANGUAGE_STANDARD = "gnu++20";
				CLANG_ENABLE_MODULES = YES;
				CLANG_ENABLE_OBJC_ARC = YES;
				CLANG_ENABLE_OBJC_WEAK = YES;
				CLANG_WARN_BLOCK_CAPTURE_AUTORELEASING = YES;
				CLANG_WARN_BOOL_CONVERSION = YES;
				CLANG_WARN_COMMA = YES;
				CLANG_WARN_CONSTANT_CONVERSION = YES;
				CLANG_WARN_DEPRECATED_OBJC_IMPLEMENTATIONS = YES;
				CLANG_WARN_DIRECT_OBJC_ISA_USAGE = YES_ERROR;
				CLANG_WARN_DOCUMENTATION_COMMENTS = YES;
				CLANG_WARN_EMPTY_BODY = YES;
				CLANG_WARN_ENUM_CONVERSION = YES;
				CLANG_WARN_INFINITE_RECURSION = YES;
				CLANG_WARN_INT_CONVERSION = YES;
				CLANG_WARN_NON_LITERAL_NULL_CONVERSION = YES;
				CLANG_WARN_OBJC_IMPLICIT_RETAIN_SELF = YES;
				CLANG_WARN_OBJC_LITERAL_CONVERSION = YES;
				CLANG_WARN_OBJC_ROOT_CLASS = YES_ERROR;
				CLANG_WARN_QUOTED_INCLUDE_IN_FRAMEWORK_HEADER = YES;
				CLANG_WARN_RANGE_LOOP_ANALYSIS = YES;
				CLANG_WARN_STRICT_PROTOTYPES = YES;
				CLANG_WARN_SUSPICIOUS_MOVE = YES;
				CLANG_WARN_UNGUARDED_AVAILABILITY = YES_AGGRESSIVE;
				CLANG_WARN_UNREACHABLE_CODE = YES;
				CLANG_WARN__DUPLICATE_METHOD_MATCH = YES;
				COPY_PHASE_STRIP = NO;
				DEBUG_INFORMATION_FORMAT = dwarf;
				ENABLE_STRICT_OBJC_MSGSEND = YES;
				ENABLE_TESTABILITY = YES;
				GCC_C_LANGUAGE_STANDARD = gnu11;
				GCC_DYNAMIC_NO_PIC = NO;
				GCC_NO_COMMON_BLOCKS = YES;
				GCC_OPTIMIZATION_LEVEL = 0;
				GCC_PREPROCESSOR_DEFINITIONS = (
					"DEBUG=1",
					"$(inherited)",
				);
				GCC_WARN_64_TO_32_BIT_CONVERSION = YES;
				GCC_WARN_ABOUT_RETURN_TYPE = YES_ERROR;
				GCC_WARN_UNDECLARED_SELECTOR = YES;
				GCC_WARN_UNINITIALIZED_AUTOS = YES_AGGRESSIVE;
				GCC_WARN_UNUSED_FUNCTION = YES;
				GCC_WARN_UNUSED_VARIABLE = YES;
				IPHONEOS_DEPLOYMENT_TARGET = 16.4;
				MTL_ENABLE_DEBUG_INFO = INCLUDE_SOURCE;
				MTL_FAST_MATH = YES;
				ONLY_ACTIVE_ARCH = YES;
				SDKROOT = iphoneos;
				SWIFT_ACTIVE_COMPILATION_CONDITIONS = DEBUG;
				SWIFT_OPTIMIZATION_LEVEL = "-Onone";
			};
			name = Debug;
		};
		42FA563F2A7E72BB00144F2A /* Release */ = {
			isa = XCBuildConfiguration;
			buildSettings = {
				ALWAYS_SEARCH_USER_PATHS = NO;
				CLANG_ANALYZER_NONNULL = YES;
				CLANG_ANALYZER_NUMBER_OBJECT_CONVERSION = YES_AGGRESSIVE;
				CLANG_CXX_LANGUAGE_STANDARD = "gnu++20";
				CLANG_ENABLE_MODULES = YES;
				CLANG_ENABLE_OBJC_ARC = YES;
				CLANG_ENABLE_OBJC_WEAK = YES;
				CLANG_WARN_BLOCK_CAPTURE_AUTORELEASING = YES;
				CLANG_WARN_BOOL_CONVERSION = YES;
				CLANG_WARN_COMMA = YES;
				CLANG_WARN_CONSTANT_CONVERSION = YES;
				CLANG_WARN_DEPRECATED_OBJC_IMPLEMENTATIONS = YES;
				CLANG_WARN_DIRECT_OBJC_ISA_USAGE = YES_ERROR;
				CLANG_WARN_DOCUMENTATION_COMMENTS = YES;
				CLANG_WARN_EMPTY_BODY = YES;
				CLANG_WARN_ENUM_CONVERSION = YES;
				CLANG_WARN_INFINITE_RECURSION = YES;
				CLANG_WARN_INT_CONVERSION = YES;
				CLANG_WARN_NON_LITERAL_NULL_CONVERSION = YES;
				CLANG_WARN_OBJC_IMPLICIT_RETAIN_SELF = YES;
				CLANG_WARN_OBJC_LITERAL_CONVERSION = YES;
				CLANG_WARN_OBJC_ROOT_CLASS = YES_ERROR;
				CLANG_WARN_QUOTED_INCLUDE_IN_FRAMEWORK_HEADER = YES;
				CLANG_WARN_RANGE_LOOP_ANALYSIS = YES;
				CLANG_WARN_STRICT_PROTOTYPES = YES;
				CLANG_WARN_SUSPICIOUS_MOVE = YES;
				CLANG_WARN_UNGUARDED_AVAILABILITY = YES_AGGRESSIVE;
				CLANG_WARN_UNREACHABLE_CODE = YES;
				CLANG_WARN__DUPLICATE_METHOD_MATCH = YES;
				COPY_PHASE_STRIP = NO;
				DEBUG_INFORMATION_FORMAT = "dwarf-with-dsym";
				ENABLE_NS_ASSERTIONS = NO;
				ENABLE_STRICT_OBJC_MSGSEND = YES;
				GCC_C_LANGUAGE_STANDARD = gnu11;
				GCC_NO_COMMON_BLOCKS = YES;
				GCC_WARN_64_TO_32_BIT_CONVERSION = YES;
				GCC_WARN_ABOUT_RETURN_TYPE = YES_ERROR;
				GCC_WARN_UNDECLARED_SELECTOR = YES;
				GCC_WARN_UNINITIALIZED_AUTOS = YES_AGGRESSIVE;
				GCC_WARN_UNUSED_FUNCTION = YES;
				GCC_WARN_UNUSED_VARIABLE = YES;
				IPHONEOS_DEPLOYMENT_TARGET = 16.4;
				MTL_ENABLE_DEBUG_INFO = NO;
				MTL_FAST_MATH = YES;
				SDKROOT = iphoneos;
				SWIFT_COMPILATION_MODE = wholemodule;
				SWIFT_OPTIMIZATION_LEVEL = "-O";
				VALIDATE_PRODUCT = YES;
			};
			name = Release;
		};
		42FA56412A7E72BB00144F2A /* Debug */ = {
			isa = XCBuildConfiguration;
			buildSettings = {
				ASSETCATALOG_COMPILER_APPICON_NAME = AppIcon;
				ASSETCATALOG_COMPILER_GLOBAL_ACCENT_COLOR_NAME = AccentColor;
				CODE_SIGN_STYLE = Automatic;
				CURRENT_PROJECT_VERSION = 1;
				DEVELOPMENT_TEAM = 5C3RTUTT2M;
				GENERATE_INFOPLIST_FILE = YES;
				INFOPLIST_FILE = Photato/SupportingFiles/Info.plist;
				INFOPLIST_KEY_UIApplicationSupportsIndirectInputEvents = YES;
				INFOPLIST_KEY_UILaunchStoryboardName = LaunchScreen;
				INFOPLIST_KEY_UIMainStoryboardFile = Main;
				INFOPLIST_KEY_UISupportedInterfaceOrientations_iPad = "UIInterfaceOrientationPortrait UIInterfaceOrientationPortraitUpsideDown UIInterfaceOrientationLandscapeLeft UIInterfaceOrientationLandscapeRight";
				INFOPLIST_KEY_UISupportedInterfaceOrientations_iPhone = "UIInterfaceOrientationPortrait UIInterfaceOrientationLandscapeLeft UIInterfaceOrientationLandscapeRight";
				LD_RUNPATH_SEARCH_PATHS = (
					"$(inherited)",
					"@executable_path/Frameworks",
				);
				MARKETING_VERSION = 1.0;
				PRODUCT_BUNDLE_IDENTIFIER = "com.alexander-developer.Photato";
				PRODUCT_NAME = "$(TARGET_NAME)";
				SWIFT_EMIT_LOC_STRINGS = YES;
				SWIFT_VERSION = 5.0;
				TARGETED_DEVICE_FAMILY = "1,2";
			};
			name = Debug;
		};
		42FA56422A7E72BB00144F2A /* Release */ = {
			isa = XCBuildConfiguration;
			buildSettings = {
				ASSETCATALOG_COMPILER_APPICON_NAME = AppIcon;
				ASSETCATALOG_COMPILER_GLOBAL_ACCENT_COLOR_NAME = AccentColor;
				CODE_SIGN_STYLE = Automatic;
				CURRENT_PROJECT_VERSION = 1;
				DEVELOPMENT_TEAM = 5C3RTUTT2M;
				GENERATE_INFOPLIST_FILE = YES;
				INFOPLIST_FILE = Photato/SupportingFiles/Info.plist;
				INFOPLIST_KEY_UIApplicationSupportsIndirectInputEvents = YES;
				INFOPLIST_KEY_UILaunchStoryboardName = LaunchScreen;
				INFOPLIST_KEY_UIMainStoryboardFile = Main;
				INFOPLIST_KEY_UISupportedInterfaceOrientations_iPad = "UIInterfaceOrientationPortrait UIInterfaceOrientationPortraitUpsideDown UIInterfaceOrientationLandscapeLeft UIInterfaceOrientationLandscapeRight";
				INFOPLIST_KEY_UISupportedInterfaceOrientations_iPhone = "UIInterfaceOrientationPortrait UIInterfaceOrientationLandscapeLeft UIInterfaceOrientationLandscapeRight";
				LD_RUNPATH_SEARCH_PATHS = (
					"$(inherited)",
					"@executable_path/Frameworks",
				);
				MARKETING_VERSION = 1.0;
				PRODUCT_BUNDLE_IDENTIFIER = "com.alexander-developer.Photato";
				PRODUCT_NAME = "$(TARGET_NAME)";
				SWIFT_EMIT_LOC_STRINGS = YES;
				SWIFT_VERSION = 5.0;
				TARGETED_DEVICE_FAMILY = "1,2";
			};
			name = Release;
		};
		42FA56442A7E72BB00144F2A /* Debug */ = {
			isa = XCBuildConfiguration;
			buildSettings = {
				ALWAYS_EMBED_SWIFT_STANDARD_LIBRARIES = YES;
				BUNDLE_LOADER = "$(TEST_HOST)";
				CODE_SIGN_STYLE = Automatic;
				CURRENT_PROJECT_VERSION = 1;
				DEVELOPMENT_TEAM = 5C3RTUTT2M;
				GENERATE_INFOPLIST_FILE = YES;
				IPHONEOS_DEPLOYMENT_TARGET = 16.4;
				MARKETING_VERSION = 1.0;
				PRODUCT_BUNDLE_IDENTIFIER = "com.alexander-developer.PhotatoTests";
				PRODUCT_NAME = "$(TARGET_NAME)";
				SWIFT_EMIT_LOC_STRINGS = NO;
				SWIFT_VERSION = 5.0;
				TARGETED_DEVICE_FAMILY = "1,2";
				TEST_HOST = "$(BUILT_PRODUCTS_DIR)/Photato.app/$(BUNDLE_EXECUTABLE_FOLDER_PATH)/Photato";
			};
			name = Debug;
		};
		42FA56452A7E72BB00144F2A /* Release */ = {
			isa = XCBuildConfiguration;
			buildSettings = {
				ALWAYS_EMBED_SWIFT_STANDARD_LIBRARIES = YES;
				BUNDLE_LOADER = "$(TEST_HOST)";
				CODE_SIGN_STYLE = Automatic;
				CURRENT_PROJECT_VERSION = 1;
				DEVELOPMENT_TEAM = 5C3RTUTT2M;
				GENERATE_INFOPLIST_FILE = YES;
				IPHONEOS_DEPLOYMENT_TARGET = 16.4;
				MARKETING_VERSION = 1.0;
				PRODUCT_BUNDLE_IDENTIFIER = "com.alexander-developer.PhotatoTests";
				PRODUCT_NAME = "$(TARGET_NAME)";
				SWIFT_EMIT_LOC_STRINGS = NO;
				SWIFT_VERSION = 5.0;
				TARGETED_DEVICE_FAMILY = "1,2";
				TEST_HOST = "$(BUILT_PRODUCTS_DIR)/Photato.app/$(BUNDLE_EXECUTABLE_FOLDER_PATH)/Photato";
			};
			name = Release;
		};
		42FA56472A7E72BB00144F2A /* Debug */ = {
			isa = XCBuildConfiguration;
			buildSettings = {
				ALWAYS_EMBED_SWIFT_STANDARD_LIBRARIES = YES;
				CODE_SIGN_STYLE = Automatic;
				CURRENT_PROJECT_VERSION = 1;
				DEVELOPMENT_TEAM = 5C3RTUTT2M;
				GENERATE_INFOPLIST_FILE = YES;
				MARKETING_VERSION = 1.0;
				PRODUCT_BUNDLE_IDENTIFIER = "com.alexander-developer.PhotatoUITests";
				PRODUCT_NAME = "$(TARGET_NAME)";
				SWIFT_EMIT_LOC_STRINGS = NO;
				SWIFT_VERSION = 5.0;
				TARGETED_DEVICE_FAMILY = "1,2";
				TEST_TARGET_NAME = Photato;
			};
			name = Debug;
		};
		42FA56482A7E72BB00144F2A /* Release */ = {
			isa = XCBuildConfiguration;
			buildSettings = {
				ALWAYS_EMBED_SWIFT_STANDARD_LIBRARIES = YES;
				CODE_SIGN_STYLE = Automatic;
				CURRENT_PROJECT_VERSION = 1;
				DEVELOPMENT_TEAM = 5C3RTUTT2M;
				GENERATE_INFOPLIST_FILE = YES;
				MARKETING_VERSION = 1.0;
				PRODUCT_BUNDLE_IDENTIFIER = "com.alexander-developer.PhotatoUITests";
				PRODUCT_NAME = "$(TARGET_NAME)";
				SWIFT_EMIT_LOC_STRINGS = NO;
				SWIFT_VERSION = 5.0;
				TARGETED_DEVICE_FAMILY = "1,2";
				TEST_TARGET_NAME = Photato;
			};
			name = Release;
		};
/* End XCBuildConfiguration section */

/* Begin XCConfigurationList section */
		42FA56112A7E72BA00144F2A /* Build configuration list for PBXProject "Photato" */ = {
			isa = XCConfigurationList;
			buildConfigurations = (
				42FA563E2A7E72BB00144F2A /* Debug */,
				42FA563F2A7E72BB00144F2A /* Release */,
			);
			defaultConfigurationIsVisible = 0;
			defaultConfigurationName = Release;
		};
		42FA56402A7E72BB00144F2A /* Build configuration list for PBXNativeTarget "Photato" */ = {
			isa = XCConfigurationList;
			buildConfigurations = (
				42FA56412A7E72BB00144F2A /* Debug */,
				42FA56422A7E72BB00144F2A /* Release */,
			);
			defaultConfigurationIsVisible = 0;
			defaultConfigurationName = Release;
		};
		42FA56432A7E72BB00144F2A /* Build configuration list for PBXNativeTarget "PhotatoTests" */ = {
			isa = XCConfigurationList;
			buildConfigurations = (
				42FA56442A7E72BB00144F2A /* Debug */,
				42FA56452A7E72BB00144F2A /* Release */,
			);
			defaultConfigurationIsVisible = 0;
			defaultConfigurationName = Release;
		};
		42FA56462A7E72BB00144F2A /* Build configuration list for PBXNativeTarget "PhotatoUITests" */ = {
			isa = XCConfigurationList;
			buildConfigurations = (
				42FA56472A7E72BB00144F2A /* Debug */,
				42FA56482A7E72BB00144F2A /* Release */,
			);
			defaultConfigurationIsVisible = 0;
			defaultConfigurationName = Release;
		};
/* End XCConfigurationList section */

/* Begin XCRemoteSwiftPackageReference section */
		428075542AA5B3D4003C8848 /* XCRemoteSwiftPackageReference "firebase-ios-sdk" */ = {
			isa = XCRemoteSwiftPackageReference;
			repositoryURL = "https://github.com/firebase/firebase-ios-sdk.git";
			requirement = {
				kind = upToNextMajorVersion;
				minimumVersion = 10.0.0;
			};
		};
		42FA56492A7E7A8500144F2A /* XCRemoteSwiftPackageReference "SnapKit" */ = {
			isa = XCRemoteSwiftPackageReference;
			repositoryURL = "https://github.com/SnapKit/SnapKit.git";
			requirement = {
				kind = upToNextMajorVersion;
				minimumVersion = 5.0.1;
			};
		};
/* End XCRemoteSwiftPackageReference section */

/* Begin XCSwiftPackageProductDependency section */
		428075552AA5B3D4003C8848 /* FirebaseAnalytics */ = {
			isa = XCSwiftPackageProductDependency;
			package = 428075542AA5B3D4003C8848 /* XCRemoteSwiftPackageReference "firebase-ios-sdk" */;
			productName = FirebaseAnalytics;
		};
		428075572AA5B3D4003C8848 /* FirebaseDatabase */ = {
			isa = XCSwiftPackageProductDependency;
			package = 428075542AA5B3D4003C8848 /* XCRemoteSwiftPackageReference "firebase-ios-sdk" */;
			productName = FirebaseDatabase;
		};
		428075592AA5B3D4003C8848 /* FirebaseFirestore */ = {
			isa = XCSwiftPackageProductDependency;
			package = 428075542AA5B3D4003C8848 /* XCRemoteSwiftPackageReference "firebase-ios-sdk" */;
			productName = FirebaseFirestore;
		};
		4280755B2AA5B3D4003C8848 /* FirebaseStorage */ = {
			isa = XCSwiftPackageProductDependency;
			package = 428075542AA5B3D4003C8848 /* XCRemoteSwiftPackageReference "firebase-ios-sdk" */;
			productName = FirebaseStorage;
		};
		42DD16802ABC6F2900010830 /* FirebaseAuth */ = {
			isa = XCSwiftPackageProductDependency;
			package = 428075542AA5B3D4003C8848 /* XCRemoteSwiftPackageReference "firebase-ios-sdk" */;
			productName = FirebaseAuth;
		};
		42FA564A2A7E7A8500144F2A /* SnapKit */ = {
			isa = XCSwiftPackageProductDependency;
			package = 42FA56492A7E7A8500144F2A /* XCRemoteSwiftPackageReference "SnapKit" */;
			productName = SnapKit;
		};
/* End XCSwiftPackageProductDependency section */
	};
	rootObject = 42FA560E2A7E72BA00144F2A /* Project object */;
}
